
Microsoft Visual Studio Solution File, Format Version 12.00
# Visual Studio 15
VisualStudioVersion = 15.0.27130.2024
MinimumVisualStudioVersion = 10.0.40219.1
Project("{9092AA53-FB77-4645-B42D-1CCCA6BD08BD}") = "zadatak1", "NodeLabVezba3\zadatak1.njsproj", "{5409F25C-00BA-4154-A50B-076154EEAC07}"
EndProject
Project("{9092AA53-FB77-4645-B42D-1CCCA6BD08BD}") = "zadatak2", "zadatak2\zadatak2.njsproj", "{50152911-67F9-423F-AC46-9AC148C10D74}"
EndProject
Global
	GlobalSection(SolutionConfigurationPlatforms) = preSolution
		Debug|Any CPU = Debug|Any CPU
		Release|Any CPU = Release|Any CPU
	EndGlobalSection
	GlobalSection(ProjectConfigurationPlatforms) = postSolution
		{5409F25C-00BA-4154-A50B-076154EEAC07}.Debug|Any CPU.ActiveCfg = Debug|Any CPU
		{5409F25C-00BA-4154-A50B-076154EEAC07}.Debug|Any CPU.Build.0 = Debug|Any CPU
		{5409F25C-00BA-4154-A50B-076154EEAC07}.Release|Any CPU.ActiveCfg = Release|Any CPU
		{5409F25C-00BA-4154-A50B-076154EEAC07}.Release|Any CPU.Build.0 = Release|Any CPU
		{50152911-67F9-423F-AC46-9AC148C10D74}.Debug|Any CPU.ActiveCfg = Debug|Any CPU
		{50152911-67F9-423F-AC46-9AC148C10D74}.Debug|Any CPU.Build.0 = Debug|Any CPU
		{50152911-67F9-423F-AC46-9AC148C10D74}.Release|Any CPU.ActiveCfg = Release|Any CPU
		{50152911-67F9-423F-AC46-9AC148C10D74}.Release|Any CPU.Build.0 = Release|Any CPU
	EndGlobalSection
	GlobalSection(SolutionProperties) = preSolution
		HideSolutionNode = FALSE
	EndGlobalSection
	GlobalSection(ExtensibilityGlobals) = postSolution
		SolutionGuid = {2CEFCFCC-337F-456C-825E-74C090ACF1B4}
	EndGlobalSection
EndGlobal
